// !$*UTF8*$!
{
	archiveVersion = 1;
	classes = {
	};
	objectVersion = 56;
	objects = {

/* Begin PBXBuildFile section */
		9918523E2A55550300C175F4 /* UserAcc.swift in Sources */ = {isa = PBXBuildFile; fileRef = 9918523D2A55550300C175F4 /* UserAcc.swift */; };
		991852402A5560EB00C175F4 /* AccountView.swift in Sources */ = {isa = PBXBuildFile; fileRef = 9918523F2A5560EB00C175F4 /* AccountView.swift */; };
		991852422A558D2000C175F4 /* FirebaseAuthService.swift in Sources */ = {isa = PBXBuildFile; fileRef = 991852412A558D2000C175F4 /* FirebaseAuthService.swift */; };
		991B917A2A42D554002367E8 /* Formula_AppApp.swift in Sources */ = {isa = PBXBuildFile; fileRef = 991B91792A42D554002367E8 /* Formula_AppApp.swift */; };
		991B917C2A42D554002367E8 /* HomeView.swift in Sources */ = {isa = PBXBuildFile; fileRef = 991B917B2A42D554002367E8 /* HomeView.swift */; };
		991B917E2A42D555002367E8 /* Assets.xcassets in Resources */ = {isa = PBXBuildFile; fileRef = 991B917D2A42D555002367E8 /* Assets.xcassets */; };
		991B91812A42D555002367E8 /* Preview Assets.xcassets in Resources */ = {isa = PBXBuildFile; fileRef = 991B91802A42D555002367E8 /* Preview Assets.xcassets */; };
		991B918B2A42D555002367E8 /* Formula_AppTests.swift in Sources */ = {isa = PBXBuildFile; fileRef = 991B918A2A42D555002367E8 /* Formula_AppTests.swift */; };
		991B91952A42D555002367E8 /* Formula_AppUITests.swift in Sources */ = {isa = PBXBuildFile; fileRef = 991B91942A42D555002367E8 /* Formula_AppUITests.swift */; };
		991B91972A42D555002367E8 /* Formula_AppUITestsLaunchTests.swift in Sources */ = {isa = PBXBuildFile; fileRef = 991B91962A42D555002367E8 /* Formula_AppUITestsLaunchTests.swift */; };
		991B91A62A42DDF5002367E8 /* FormulaViewModel.swift in Sources */ = {isa = PBXBuildFile; fileRef = 991B91A52A42DDF5002367E8 /* FormulaViewModel.swift */; };
		991B91A92A42E1E5002367E8 /* Races.swift in Sources */ = {isa = PBXBuildFile; fileRef = 991B91A82A42E1E5002367E8 /* Races.swift */; };
		991B91AB2A42E226002367E8 /* Circuit.swift in Sources */ = {isa = PBXBuildFile; fileRef = 991B91AA2A42E226002367E8 /* Circuit.swift */; };
		991B91AD2A42E24C002367E8 /* Location.swift in Sources */ = {isa = PBXBuildFile; fileRef = 991B91AC2A42E24C002367E8 /* Location.swift */; };
		991B91AF2A42E269002367E8 /* Result.swift in Sources */ = {isa = PBXBuildFile; fileRef = 991B91AE2A42E269002367E8 /* Result.swift */; };
		991B91B12A42E2A1002367E8 /* Driver.swift in Sources */ = {isa = PBXBuildFile; fileRef = 991B91B02A42E2A1002367E8 /* Driver.swift */; };
		991B91B32A42ED29002367E8 /* RaceResponse.swift in Sources */ = {isa = PBXBuildFile; fileRef = 991B91B22A42ED29002367E8 /* RaceResponse.swift */; };
		991B91B52A42ED87002367E8 /* MRData.swift in Sources */ = {isa = PBXBuildFile; fileRef = 991B91B42A42ED87002367E8 /* MRData.swift */; };
		991B91B72A42EDC7002367E8 /* RaceTable.swift in Sources */ = {isa = PBXBuildFile; fileRef = 991B91B62A42EDC7002367E8 /* RaceTable.swift */; };
		991B91B92A42EF19002367E8 /* Constructor.swift in Sources */ = {isa = PBXBuildFile; fileRef = 991B91B82A42EF19002367E8 /* Constructor.swift */; };
		991B91BB2A42EF38002367E8 /* Time.swift in Sources */ = {isa = PBXBuildFile; fileRef = 991B91BA2A42EF38002367E8 /* Time.swift */; };
		991B91BD2A42EF65002367E8 /* FastestLap.swift in Sources */ = {isa = PBXBuildFile; fileRef = 991B91BC2A42EF65002367E8 /* FastestLap.swift */; };
		991B91BF2A42EF88002367E8 /* LapTime.swift in Sources */ = {isa = PBXBuildFile; fileRef = 991B91BE2A42EF88002367E8 /* LapTime.swift */; };
		991B91C12A42EFD4002367E8 /* AverageSpeed.swift in Sources */ = {isa = PBXBuildFile; fileRef = 991B91C02A42EFD4002367E8 /* AverageSpeed.swift */; };
		9955B60A2A612BEE00B489E6 /* ConstructorStandingResponse.swift in Sources */ = {isa = PBXBuildFile; fileRef = 9955B6092A612BEE00B489E6 /* ConstructorStandingResponse.swift */; };
		9955B60C2A612C7D00B489E6 /* MRConstructorStandingData.swift in Sources */ = {isa = PBXBuildFile; fileRef = 9955B60B2A612C7D00B489E6 /* MRConstructorStandingData.swift */; };
		9955B60E2A612CED00B489E6 /* StandingsConstructorTable.swift in Sources */ = {isa = PBXBuildFile; fileRef = 9955B60D2A612CED00B489E6 /* StandingsConstructorTable.swift */; };
		9955B6102A612D7300B489E6 /* StandingsConstructorLists.swift in Sources */ = {isa = PBXBuildFile; fileRef = 9955B60F2A612D7300B489E6 /* StandingsConstructorLists.swift */; };
		9955B6122A612DE100B489E6 /* ConstructorStandings.swift in Sources */ = {isa = PBXBuildFile; fileRef = 9955B6112A612DE100B489E6 /* ConstructorStandings.swift */; };
		9955B6142A612ECB00B489E6 /* ConstructorStandingList.swift in Sources */ = {isa = PBXBuildFile; fileRef = 9955B6132A612ECB00B489E6 /* ConstructorStandingList.swift */; };
		9955B6162A614CCE00B489E6 /* ConstructorStandingsRow.swift in Sources */ = {isa = PBXBuildFile; fileRef = 9955B6152A614CCE00B489E6 /* ConstructorStandingsRow.swift */; };
		99A6C1052A5FE4B80061E6A9 /* DriverResponse.swift in Sources */ = {isa = PBXBuildFile; fileRef = 99A6C1042A5FE4B80061E6A9 /* DriverResponse.swift */; };
		99A6C1072A5FE55D0061E6A9 /* MRDriverData.swift in Sources */ = {isa = PBXBuildFile; fileRef = 99A6C1062A5FE55D0061E6A9 /* MRDriverData.swift */; };
		99A6C1092A5FE5E50061E6A9 /* DriverTable.swift in Sources */ = {isa = PBXBuildFile; fileRef = 99A6C1082A5FE5E50061E6A9 /* DriverTable.swift */; };
		99A6C10D2A5FE65D0061E6A9 /* Drivers.swift in Sources */ = {isa = PBXBuildFile; fileRef = 99A6C10C2A5FE65D0061E6A9 /* Drivers.swift */; };
		99A6C1102A5FEF760061E6A9 /* DriverStandingResponse.swift in Sources */ = {isa = PBXBuildFile; fileRef = 99A6C10F2A5FEF760061E6A9 /* DriverStandingResponse.swift */; };
		99A6C1122A5FEFEE0061E6A9 /* MRDriverStandingData.swift in Sources */ = {isa = PBXBuildFile; fileRef = 99A6C1112A5FEFEE0061E6A9 /* MRDriverStandingData.swift */; };
		99A6C1152A5FF0A30061E6A9 /* StandingsTable.swift in Sources */ = {isa = PBXBuildFile; fileRef = 99A6C1142A5FF0A30061E6A9 /* StandingsTable.swift */; };
		99A6C1172A5FF11A0061E6A9 /* StandingsList.swift in Sources */ = {isa = PBXBuildFile; fileRef = 99A6C1162A5FF11A0061E6A9 /* StandingsList.swift */; };
		99A6C1192A5FF17F0061E6A9 /* DriverStandings.swift in Sources */ = {isa = PBXBuildFile; fileRef = 99A6C1182A5FF17F0061E6A9 /* DriverStandings.swift */; };
		99A6C11B2A5FF3AC0061E6A9 /* DriverInfo.swift in Sources */ = {isa = PBXBuildFile; fileRef = 99A6C11A2A5FF3AC0061E6A9 /* DriverInfo.swift */; };
		99A6C11D2A5FFBA50061E6A9 /* DriverStandingsRow.swift in Sources */ = {isa = PBXBuildFile; fileRef = 99A6C11C2A5FFBA50061E6A9 /* DriverStandingsRow.swift */; };
		99A6C11F2A6009590061E6A9 /* DriverRaw.swift in Sources */ = {isa = PBXBuildFile; fileRef = 99A6C11E2A6009590061E6A9 /* DriverRaw.swift */; };
		99A6C1212A600D560061E6A9 /* ConstructorList.swift in Sources */ = {isa = PBXBuildFile; fileRef = 99A6C1202A600D560061E6A9 /* ConstructorList.swift */; };
		99A6C1232A601C560061E6A9 /* Parallelogramm.swift in Sources */ = {isa = PBXBuildFile; fileRef = 99A6C1222A601C560061E6A9 /* Parallelogramm.swift */; };
		99A723612A5E8AEE00CDE13C /* MainView.swift in Sources */ = {isa = PBXBuildFile; fileRef = 99A723602A5E8AEE00CDE13C /* MainView.swift */; };
		99A723632A5EB41700CDE13C /* DriverView.swift in Sources */ = {isa = PBXBuildFile; fileRef = 99A723622A5EB41700CDE13C /* DriverView.swift */; };
		99A723652A5EB43D00CDE13C /* ConstructorView.swift in Sources */ = {isa = PBXBuildFile; fileRef = 99A723642A5EB43D00CDE13C /* ConstructorView.swift */; };
		99A82B1C2A542EC600395DAD /* String.swift in Sources */ = {isa = PBXBuildFile; fileRef = 99A82B1B2A542EC600395DAD /* String.swift */; };
		99A82B202A54432D00395DAD /* AuthView.swift in Sources */ = {isa = PBXBuildFile; fileRef = 99A82B1F2A54432D00395DAD /* AuthView.swift */; };
		99A82B222A544F6F00395DAD /* GoogleService-Info.plist in Resources */ = {isa = PBXBuildFile; fileRef = 99A82B212A544F6F00395DAD /* GoogleService-Info.plist */; };
		99A82B252A54506E00395DAD /* FirebaseAuth in Frameworks */ = {isa = PBXBuildFile; productRef = 99A82B242A54506E00395DAD /* FirebaseAuth */; };
		99A82B272A54506E00395DAD /* FirebaseFirestore in Frameworks */ = {isa = PBXBuildFile; productRef = 99A82B262A54506E00395DAD /* FirebaseFirestore */; };
		99A8475C2A7A66FC0096ACA1 /* AnimationsView.swift in Sources */ = {isa = PBXBuildFile; fileRef = 99A8475B2A7A66FC0096ACA1 /* AnimationsView.swift */; };
		99A8DCCF2A5BE1DE004E681F /* RaceRow.swift in Sources */ = {isa = PBXBuildFile; fileRef = 99A8DCCE2A5BE1DE004E681F /* RaceRow.swift */; };
		99A9876D2A4AAFB5004B3650 /* RaceResultsResponse.swift in Sources */ = {isa = PBXBuildFile; fileRef = 99A9876C2A4AAFB5004B3650 /* RaceResultsResponse.swift */; };
		99A9876F2A4AB014004B3650 /* MRResultsData.swift in Sources */ = {isa = PBXBuildFile; fileRef = 99A9876E2A4AB014004B3650 /* MRResultsData.swift */; };
		99A987712A4AB12B004B3650 /* RaceResultsTable.swift in Sources */ = {isa = PBXBuildFile; fileRef = 99A987702A4AB12B004B3650 /* RaceResultsTable.swift */; };
		99A987742A4AB200004B3650 /* RaceResults.swift in Sources */ = {isa = PBXBuildFile; fileRef = 99A987732A4AB200004B3650 /* RaceResults.swift */; };
		99A987762A4AB2A5004B3650 /* CircuitResults.swift in Sources */ = {isa = PBXBuildFile; fileRef = 99A987752A4AB2A5004B3650 /* CircuitResults.swift */; };
		99A987782A4AB2FA004B3650 /* LocationResults.swift in Sources */ = {isa = PBXBuildFile; fileRef = 99A987772A4AB2FA004B3650 /* LocationResults.swift */; };
		99A9877C2A4ABDB1004B3650 /* MRQualiData.swift in Sources */ = {isa = PBXBuildFile; fileRef = 99A9877B2A4ABDB1004B3650 /* MRQualiData.swift */; };
		99A9877E2A4ABDF9004B3650 /* RaceQualiTable.swift in Sources */ = {isa = PBXBuildFile; fileRef = 99A9877D2A4ABDF9004B3650 /* RaceQualiTable.swift */; };
		99A987802A4ABF64004B3650 /* RaceQuali.swift in Sources */ = {isa = PBXBuildFile; fileRef = 99A9877F2A4ABF64004B3650 /* RaceQuali.swift */; };
		99A987822A4AC005004B3650 /* QualiResults.swift in Sources */ = {isa = PBXBuildFile; fileRef = 99A987812A4AC005004B3650 /* QualiResults.swift */; };
		99A987842A4AC59D004B3650 /* DriverQuali.swift in Sources */ = {isa = PBXBuildFile; fileRef = 99A987832A4AC59D004B3650 /* DriverQuali.swift */; };
		99A987862A4AC658004B3650 /* ConstructorQuali.swift in Sources */ = {isa = PBXBuildFile; fileRef = 99A987852A4AC658004B3650 /* ConstructorQuali.swift */; };
		99A9878A2A4AC83C004B3650 /* RaceQualiResponse.swift in Sources */ = {isa = PBXBuildFile; fileRef = 99A987892A4AC83C004B3650 /* RaceQualiResponse.swift */; };
		99AA468B2A5D51DE001E3854 /* QualiRow.swift in Sources */ = {isa = PBXBuildFile; fileRef = 99AA468A2A5D51DE001E3854 /* QualiRow.swift */; };
		99AB7AA02A52B5CC001DBC27 /* CircuitDetails.swift in Sources */ = {isa = PBXBuildFile; fileRef = 99AB7A9F2A52B5CC001DBC27 /* CircuitDetails.swift */; };
		99AB7AA32A52C4A9001DBC27 /* Funktion.swift in Sources */ = {isa = PBXBuildFile; fileRef = 99AB7AA22A52C4A9001DBC27 /* Funktion.swift */; };
		99ABDE6A2A66935A0074F0A9 /* AccountInfoView.swift in Sources */ = {isa = PBXBuildFile; fileRef = 99ABDE692A66935A0074F0A9 /* AccountInfoView.swift */; };
		99ACBD7A2A6E532300CF31C8 /* DriverDetails.swift in Sources */ = {isa = PBXBuildFile; fileRef = 99ACBD792A6E532300CF31C8 /* DriverDetails.swift */; };
		99AD5FFA2A57FC170050648E /* LoginView.swift in Sources */ = {isa = PBXBuildFile; fileRef = 99AD5FF92A57FC170050648E /* LoginView.swift */; };
		99AD5FFD2A57FC7F0050648E /* SignUpView.swift in Sources */ = {isa = PBXBuildFile; fileRef = 99AD5FFC2A57FC7F0050648E /* SignUpView.swift */; };
		99AD5FFF2A5811350050648E /* AppStorageKeys.swift in Sources */ = {isa = PBXBuildFile; fileRef = 99AD5FFE2A5811350050648E /* AppStorageKeys.swift */; };
		99B976642A49963A00491F25 /* SeasonRow.swift in Sources */ = {isa = PBXBuildFile; fileRef = 99B976632A49963A00491F25 /* SeasonRow.swift */; };
		99B976672A49AC9E00491F25 /* ContentView.swift in Sources */ = {isa = PBXBuildFile; fileRef = 99B976662A49AC9E00491F25 /* ContentView.swift */; };
		99BFFB552A45A1DE001554BB /* Pflichtenheft Batch005.pdf in Resources */ = {isa = PBXBuildFile; fileRef = 99BFFB542A45A1DE001554BB /* Pflichtenheft Batch005.pdf */; };
		99C222E72A7100D900E036BB /* LoadingView.swift in Sources */ = {isa = PBXBuildFile; fileRef = 99C222E62A7100D900E036BB /* LoadingView.swift */; };
		99C37E512A56D2BF00D91253 /* DataManager.swift in Sources */ = {isa = PBXBuildFile; fileRef = 99C37E502A56D2BF00D91253 /* DataManager.swift */; };
/* End PBXBuildFile section */

/* Begin PBXContainerItemProxy section */
		991B91872A42D555002367E8 /* PBXContainerItemProxy */ = {
			isa = PBXContainerItemProxy;
			containerPortal = 991B916E2A42D554002367E8 /* Project object */;
			proxyType = 1;
			remoteGlobalIDString = 991B91752A42D554002367E8;
			remoteInfo = "Formula App";
		};
		991B91912A42D555002367E8 /* PBXContainerItemProxy */ = {
			isa = PBXContainerItemProxy;
			containerPortal = 991B916E2A42D554002367E8 /* Project object */;
			proxyType = 1;
			remoteGlobalIDString = 991B91752A42D554002367E8;
			remoteInfo = "Formula App";
		};
/* End PBXContainerItemProxy section */

/* Begin PBXFileReference section */
		9918523D2A55550300C175F4 /* UserAcc.swift */ = {isa = PBXFileReference; lastKnownFileType = sourcecode.swift; path = UserAcc.swift; sourceTree = "<group>"; };
		9918523F2A5560EB00C175F4 /* AccountView.swift */ = {isa = PBXFileReference; lastKnownFileType = sourcecode.swift; path = AccountView.swift; sourceTree = "<group>"; };
		991852412A558D2000C175F4 /* FirebaseAuthService.swift */ = {isa = PBXFileReference; lastKnownFileType = sourcecode.swift; path = FirebaseAuthService.swift; sourceTree = "<group>"; };
		991B91762A42D554002367E8 /* Formula App.app */ = {isa = PBXFileReference; explicitFileType = wrapper.application; includeInIndex = 0; path = "Formula App.app"; sourceTree = BUILT_PRODUCTS_DIR; };
		991B91792A42D554002367E8 /* Formula_AppApp.swift */ = {isa = PBXFileReference; lastKnownFileType = sourcecode.swift; path = Formula_AppApp.swift; sourceTree = "<group>"; };
		991B917B2A42D554002367E8 /* HomeView.swift */ = {isa = PBXFileReference; lastKnownFileType = sourcecode.swift; path = HomeView.swift; sourceTree = "<group>"; };
		991B917D2A42D555002367E8 /* Assets.xcassets */ = {isa = PBXFileReference; lastKnownFileType = folder.assetcatalog; path = Assets.xcassets; sourceTree = "<group>"; };
		991B91802A42D555002367E8 /* Preview Assets.xcassets */ = {isa = PBXFileReference; lastKnownFileType = folder.assetcatalog; path = "Preview Assets.xcassets"; sourceTree = "<group>"; };
		991B91862A42D555002367E8 /* Formula AppTests.xctest */ = {isa = PBXFileReference; explicitFileType = wrapper.cfbundle; includeInIndex = 0; path = "Formula AppTests.xctest"; sourceTree = BUILT_PRODUCTS_DIR; };
		991B918A2A42D555002367E8 /* Formula_AppTests.swift */ = {isa = PBXFileReference; lastKnownFileType = sourcecode.swift; path = Formula_AppTests.swift; sourceTree = "<group>"; };
		991B91902A42D555002367E8 /* Formula AppUITests.xctest */ = {isa = PBXFileReference; explicitFileType = wrapper.cfbundle; includeInIndex = 0; path = "Formula AppUITests.xctest"; sourceTree = BUILT_PRODUCTS_DIR; };
		991B91942A42D555002367E8 /* Formula_AppUITests.swift */ = {isa = PBXFileReference; lastKnownFileType = sourcecode.swift; path = Formula_AppUITests.swift; sourceTree = "<group>"; };
		991B91962A42D555002367E8 /* Formula_AppUITestsLaunchTests.swift */ = {isa = PBXFileReference; lastKnownFileType = sourcecode.swift; path = Formula_AppUITestsLaunchTests.swift; sourceTree = "<group>"; };
		991B91A52A42DDF5002367E8 /* FormulaViewModel.swift */ = {isa = PBXFileReference; lastKnownFileType = sourcecode.swift; path = FormulaViewModel.swift; sourceTree = "<group>"; };
		991B91A82A42E1E5002367E8 /* Races.swift */ = {isa = PBXFileReference; lastKnownFileType = sourcecode.swift; path = Races.swift; sourceTree = "<group>"; };
		991B91AA2A42E226002367E8 /* Circuit.swift */ = {isa = PBXFileReference; lastKnownFileType = sourcecode.swift; path = Circuit.swift; sourceTree = "<group>"; };
		991B91AC2A42E24C002367E8 /* Location.swift */ = {isa = PBXFileReference; lastKnownFileType = sourcecode.swift; path = Location.swift; sourceTree = "<group>"; };
		991B91AE2A42E269002367E8 /* Result.swift */ = {isa = PBXFileReference; lastKnownFileType = sourcecode.swift; path = Result.swift; sourceTree = "<group>"; };
		991B91B02A42E2A1002367E8 /* Driver.swift */ = {isa = PBXFileReference; lastKnownFileType = sourcecode.swift; path = Driver.swift; sourceTree = "<group>"; };
		991B91B22A42ED29002367E8 /* RaceResponse.swift */ = {isa = PBXFileReference; lastKnownFileType = sourcecode.swift; path = RaceResponse.swift; sourceTree = "<group>"; };
		991B91B42A42ED87002367E8 /* MRData.swift */ = {isa = PBXFileReference; lastKnownFileType = sourcecode.swift; path = MRData.swift; sourceTree = "<group>"; };
		991B91B62A42EDC7002367E8 /* RaceTable.swift */ = {isa = PBXFileReference; lastKnownFileType = sourcecode.swift; path = RaceTable.swift; sourceTree = "<group>"; };
		991B91B82A42EF19002367E8 /* Constructor.swift */ = {isa = PBXFileReference; lastKnownFileType = sourcecode.swift; path = Constructor.swift; sourceTree = "<group>"; };
		991B91BA2A42EF38002367E8 /* Time.swift */ = {isa = PBXFileReference; lastKnownFileType = sourcecode.swift; path = Time.swift; sourceTree = "<group>"; };
		991B91BC2A42EF65002367E8 /* FastestLap.swift */ = {isa = PBXFileReference; lastKnownFileType = sourcecode.swift; path = FastestLap.swift; sourceTree = "<group>"; };
		991B91BE2A42EF88002367E8 /* LapTime.swift */ = {isa = PBXFileReference; lastKnownFileType = sourcecode.swift; path = LapTime.swift; sourceTree = "<group>"; };
		991B91C02A42EFD4002367E8 /* AverageSpeed.swift */ = {isa = PBXFileReference; lastKnownFileType = sourcecode.swift; path = AverageSpeed.swift; sourceTree = "<group>"; };
		9955B6092A612BEE00B489E6 /* ConstructorStandingResponse.swift */ = {isa = PBXFileReference; lastKnownFileType = sourcecode.swift; path = ConstructorStandingResponse.swift; sourceTree = "<group>"; };
		9955B60B2A612C7D00B489E6 /* MRConstructorStandingData.swift */ = {isa = PBXFileReference; lastKnownFileType = sourcecode.swift; path = MRConstructorStandingData.swift; sourceTree = "<group>"; };
		9955B60D2A612CED00B489E6 /* StandingsConstructorTable.swift */ = {isa = PBXFileReference; lastKnownFileType = sourcecode.swift; path = StandingsConstructorTable.swift; sourceTree = "<group>"; };
		9955B60F2A612D7300B489E6 /* StandingsConstructorLists.swift */ = {isa = PBXFileReference; lastKnownFileType = sourcecode.swift; path = StandingsConstructorLists.swift; sourceTree = "<group>"; };
		9955B6112A612DE100B489E6 /* ConstructorStandings.swift */ = {isa = PBXFileReference; lastKnownFileType = sourcecode.swift; path = ConstructorStandings.swift; sourceTree = "<group>"; };
		9955B6132A612ECB00B489E6 /* ConstructorStandingList.swift */ = {isa = PBXFileReference; lastKnownFileType = sourcecode.swift; path = ConstructorStandingList.swift; sourceTree = "<group>"; };
		9955B6152A614CCE00B489E6 /* ConstructorStandingsRow.swift */ = {isa = PBXFileReference; lastKnownFileType = sourcecode.swift; path = ConstructorStandingsRow.swift; sourceTree = "<group>"; };
		99A6C1042A5FE4B80061E6A9 /* DriverResponse.swift */ = {isa = PBXFileReference; lastKnownFileType = sourcecode.swift; path = DriverResponse.swift; sourceTree = "<group>"; };
		99A6C1062A5FE55D0061E6A9 /* MRDriverData.swift */ = {isa = PBXFileReference; lastKnownFileType = sourcecode.swift; path = MRDriverData.swift; sourceTree = "<group>"; };
		99A6C1082A5FE5E50061E6A9 /* DriverTable.swift */ = {isa = PBXFileReference; lastKnownFileType = sourcecode.swift; path = DriverTable.swift; sourceTree = "<group>"; };
		99A6C10C2A5FE65D0061E6A9 /* Drivers.swift */ = {isa = PBXFileReference; lastKnownFileType = sourcecode.swift; path = Drivers.swift; sourceTree = "<group>"; };
		99A6C10F2A5FEF760061E6A9 /* DriverStandingResponse.swift */ = {isa = PBXFileReference; lastKnownFileType = sourcecode.swift; path = DriverStandingResponse.swift; sourceTree = "<group>"; };
		99A6C1112A5FEFEE0061E6A9 /* MRDriverStandingData.swift */ = {isa = PBXFileReference; lastKnownFileType = sourcecode.swift; path = MRDriverStandingData.swift; sourceTree = "<group>"; };
		99A6C1142A5FF0A30061E6A9 /* StandingsTable.swift */ = {isa = PBXFileReference; lastKnownFileType = sourcecode.swift; path = StandingsTable.swift; sourceTree = "<group>"; };
		99A6C1162A5FF11A0061E6A9 /* StandingsList.swift */ = {isa = PBXFileReference; lastKnownFileType = sourcecode.swift; path = StandingsList.swift; sourceTree = "<group>"; };
		99A6C1182A5FF17F0061E6A9 /* DriverStandings.swift */ = {isa = PBXFileReference; lastKnownFileType = sourcecode.swift; path = DriverStandings.swift; sourceTree = "<group>"; };
		99A6C11A2A5FF3AC0061E6A9 /* DriverInfo.swift */ = {isa = PBXFileReference; lastKnownFileType = sourcecode.swift; path = DriverInfo.swift; sourceTree = "<group>"; };
		99A6C11C2A5FFBA50061E6A9 /* DriverStandingsRow.swift */ = {isa = PBXFileReference; lastKnownFileType = sourcecode.swift; path = DriverStandingsRow.swift; sourceTree = "<group>"; };
		99A6C11E2A6009590061E6A9 /* DriverRaw.swift */ = {isa = PBXFileReference; lastKnownFileType = sourcecode.swift; path = DriverRaw.swift; sourceTree = "<group>"; };
		99A6C1202A600D560061E6A9 /* ConstructorList.swift */ = {isa = PBXFileReference; lastKnownFileType = sourcecode.swift; path = ConstructorList.swift; sourceTree = "<group>"; };
		99A6C1222A601C560061E6A9 /* Parallelogramm.swift */ = {isa = PBXFileReference; lastKnownFileType = sourcecode.swift; path = Parallelogramm.swift; sourceTree = "<group>"; };
		99A723602A5E8AEE00CDE13C /* MainView.swift */ = {isa = PBXFileReference; lastKnownFileType = sourcecode.swift; path = MainView.swift; sourceTree = "<group>"; };
		99A723622A5EB41700CDE13C /* DriverView.swift */ = {isa = PBXFileReference; lastKnownFileType = sourcecode.swift; path = DriverView.swift; sourceTree = "<group>"; };
		99A723642A5EB43D00CDE13C /* ConstructorView.swift */ = {isa = PBXFileReference; lastKnownFileType = sourcecode.swift; path = ConstructorView.swift; sourceTree = "<group>"; };
		99A82B1B2A542EC600395DAD /* String.swift */ = {isa = PBXFileReference; lastKnownFileType = sourcecode.swift; path = String.swift; sourceTree = "<group>"; };
		99A82B1F2A54432D00395DAD /* AuthView.swift */ = {isa = PBXFileReference; lastKnownFileType = sourcecode.swift; path = AuthView.swift; sourceTree = "<group>"; };
		99A82B212A544F6F00395DAD /* GoogleService-Info.plist */ = {isa = PBXFileReference; fileEncoding = 4; lastKnownFileType = text.plist.xml; path = "GoogleService-Info.plist"; sourceTree = "<group>"; };
		99A8475B2A7A66FC0096ACA1 /* AnimationsView.swift */ = {isa = PBXFileReference; lastKnownFileType = sourcecode.swift; path = AnimationsView.swift; sourceTree = "<group>"; };
		99A8DCCE2A5BE1DE004E681F /* RaceRow.swift */ = {isa = PBXFileReference; lastKnownFileType = sourcecode.swift; path = RaceRow.swift; sourceTree = "<group>"; };
		99A9876C2A4AAFB5004B3650 /* RaceResultsResponse.swift */ = {isa = PBXFileReference; lastKnownFileType = sourcecode.swift; path = RaceResultsResponse.swift; sourceTree = "<group>"; };
		99A9876E2A4AB014004B3650 /* MRResultsData.swift */ = {isa = PBXFileReference; lastKnownFileType = sourcecode.swift; path = MRResultsData.swift; sourceTree = "<group>"; };
		99A987702A4AB12B004B3650 /* RaceResultsTable.swift */ = {isa = PBXFileReference; lastKnownFileType = sourcecode.swift; name = RaceResultsTable.swift; path = ../../../../../../../Applications/RaceResultsTable.swift; sourceTree = "<group>"; };
		99A987732A4AB200004B3650 /* RaceResults.swift */ = {isa = PBXFileReference; lastKnownFileType = sourcecode.swift; path = RaceResults.swift; sourceTree = "<group>"; };
		99A987752A4AB2A5004B3650 /* CircuitResults.swift */ = {isa = PBXFileReference; lastKnownFileType = sourcecode.swift; path = CircuitResults.swift; sourceTree = "<group>"; };
		99A987772A4AB2FA004B3650 /* LocationResults.swift */ = {isa = PBXFileReference; lastKnownFileType = sourcecode.swift; path = LocationResults.swift; sourceTree = "<group>"; };
		99A9877B2A4ABDB1004B3650 /* MRQualiData.swift */ = {isa = PBXFileReference; lastKnownFileType = sourcecode.swift; path = MRQualiData.swift; sourceTree = "<group>"; };
		99A9877D2A4ABDF9004B3650 /* RaceQualiTable.swift */ = {isa = PBXFileReference; lastKnownFileType = sourcecode.swift; path = RaceQualiTable.swift; sourceTree = "<group>"; };
		99A9877F2A4ABF64004B3650 /* RaceQuali.swift */ = {isa = PBXFileReference; lastKnownFileType = sourcecode.swift; path = RaceQuali.swift; sourceTree = "<group>"; };
		99A987812A4AC005004B3650 /* QualiResults.swift */ = {isa = PBXFileReference; lastKnownFileType = sourcecode.swift; path = QualiResults.swift; sourceTree = "<group>"; };
		99A987832A4AC59D004B3650 /* DriverQuali.swift */ = {isa = PBXFileReference; lastKnownFileType = sourcecode.swift; path = DriverQuali.swift; sourceTree = "<group>"; };
		99A987852A4AC658004B3650 /* ConstructorQuali.swift */ = {isa = PBXFileReference; lastKnownFileType = sourcecode.swift; path = ConstructorQuali.swift; sourceTree = "<group>"; };
		99A987892A4AC83C004B3650 /* RaceQualiResponse.swift */ = {isa = PBXFileReference; lastKnownFileType = sourcecode.swift; path = RaceQualiResponse.swift; sourceTree = "<group>"; };
		99AA468A2A5D51DE001E3854 /* QualiRow.swift */ = {isa = PBXFileReference; lastKnownFileType = sourcecode.swift; path = QualiRow.swift; sourceTree = "<group>"; };
		99AB7A9F2A52B5CC001DBC27 /* CircuitDetails.swift */ = {isa = PBXFileReference; fileEncoding = 4; lastKnownFileType = sourcecode.swift; path = CircuitDetails.swift; sourceTree = "<group>"; };
		99AB7AA22A52C4A9001DBC27 /* Funktion.swift */ = {isa = PBXFileReference; lastKnownFileType = sourcecode.swift; path = Funktion.swift; sourceTree = "<group>"; };
		99ABDE692A66935A0074F0A9 /* AccountInfoView.swift */ = {isa = PBXFileReference; lastKnownFileType = sourcecode.swift; path = AccountInfoView.swift; sourceTree = "<group>"; };
		99ACBD792A6E532300CF31C8 /* DriverDetails.swift */ = {isa = PBXFileReference; lastKnownFileType = sourcecode.swift; path = DriverDetails.swift; sourceTree = "<group>"; };
		99AD5FF92A57FC170050648E /* LoginView.swift */ = {isa = PBXFileReference; lastKnownFileType = sourcecode.swift; path = LoginView.swift; sourceTree = "<group>"; };
		99AD5FFC2A57FC7F0050648E /* SignUpView.swift */ = {isa = PBXFileReference; lastKnownFileType = sourcecode.swift; path = SignUpView.swift; sourceTree = "<group>"; };
		99AD5FFE2A5811350050648E /* AppStorageKeys.swift */ = {isa = PBXFileReference; lastKnownFileType = sourcecode.swift; path = AppStorageKeys.swift; sourceTree = "<group>"; };
		99B976632A49963A00491F25 /* SeasonRow.swift */ = {isa = PBXFileReference; lastKnownFileType = sourcecode.swift; path = SeasonRow.swift; sourceTree = "<group>"; };
		99B976662A49AC9E00491F25 /* ContentView.swift */ = {isa = PBXFileReference; lastKnownFileType = sourcecode.swift; path = ContentView.swift; sourceTree = "<group>"; };
		99BFFB542A45A1DE001554BB /* Pflichtenheft Batch005.pdf */ = {isa = PBXFileReference; lastKnownFileType = image.pdf; path = "Pflichtenheft Batch005.pdf"; sourceTree = "<group>"; };
		99C222E62A7100D900E036BB /* LoadingView.swift */ = {isa = PBXFileReference; lastKnownFileType = sourcecode.swift; path = LoadingView.swift; sourceTree = "<group>"; };
		99C37E502A56D2BF00D91253 /* DataManager.swift */ = {isa = PBXFileReference; lastKnownFileType = sourcecode.swift; path = DataManager.swift; sourceTree = "<group>"; };
/* End PBXFileReference section */

/* Begin PBXFrameworksBuildPhase section */
		991B91732A42D554002367E8 /* Frameworks */ = {
			isa = PBXFrameworksBuildPhase;
			buildActionMask = 2147483647;
			files = (
				99A82B252A54506E00395DAD /* FirebaseAuth in Frameworks */,
				99A82B272A54506E00395DAD /* FirebaseFirestore in Frameworks */,
			);
			runOnlyForDeploymentPostprocessing = 0;
		};
		991B91832A42D555002367E8 /* Frameworks */ = {
			isa = PBXFrameworksBuildPhase;
			buildActionMask = 2147483647;
			files = (
			);
			runOnlyForDeploymentPostprocessing = 0;
		};
		991B918D2A42D555002367E8 /* Frameworks */ = {
			isa = PBXFrameworksBuildPhase;
			buildActionMask = 2147483647;
			files = (
			);
			runOnlyForDeploymentPostprocessing = 0;
		};
/* End PBXFrameworksBuildPhase section */

/* Begin PBXGroup section */
		9918523C2A5554D500C175F4 /* UserAcc */ = {
			isa = PBXGroup;
			children = (
				9918523D2A55550300C175F4 /* UserAcc.swift */,
			);
			path = UserAcc;
			sourceTree = "<group>";
		};
		991B916D2A42D554002367E8 = {
			isa = PBXGroup;
			children = (
				991B91782A42D554002367E8 /* Formula App */,
				991B91892A42D555002367E8 /* Formula AppTests */,
				991B91932A42D555002367E8 /* Formula AppUITests */,
				991B91772A42D554002367E8 /* Products */,
			);
			sourceTree = "<group>";
		};
		991B91772A42D554002367E8 /* Products */ = {
			isa = PBXGroup;
			children = (
				991B91762A42D554002367E8 /* Formula App.app */,
				991B91862A42D555002367E8 /* Formula AppTests.xctest */,
				991B91902A42D555002367E8 /* Formula AppUITests.xctest */,
			);
			name = Products;
			sourceTree = "<group>";
		};
		991B91782A42D554002367E8 /* Formula App */ = {
			isa = PBXGroup;
			children = (
				99A82B212A544F6F00395DAD /* GoogleService-Info.plist */,
				99A82B1A2A542E9900395DAD /* Extension */,
				99AB7AA12A52C489001DBC27 /* Funktion */,
				99A82B172A5403FF00395DAD /* Services */,
				99B976652A4996CB00491F25 /* View */,
				991B91A42A42DD85002367E8 /* ViewModel */,
				991B91A72A42DFFD002367E8 /* Model */,
				991B917D2A42D555002367E8 /* Assets.xcassets */,
				991B917F2A42D555002367E8 /* Preview Content */,
			);
			path = "Formula App";
			sourceTree = "<group>";
		};
		991B917F2A42D555002367E8 /* Preview Content */ = {
			isa = PBXGroup;
			children = (
				991B91802A42D555002367E8 /* Preview Assets.xcassets */,
			);
			path = "Preview Content";
			sourceTree = "<group>";
		};
		991B91892A42D555002367E8 /* Formula AppTests */ = {
			isa = PBXGroup;
			children = (
				991B918A2A42D555002367E8 /* Formula_AppTests.swift */,
			);
			path = "Formula AppTests";
			sourceTree = "<group>";
		};
		991B91932A42D555002367E8 /* Formula AppUITests */ = {
			isa = PBXGroup;
			children = (
				991B91942A42D555002367E8 /* Formula_AppUITests.swift */,
				991B91962A42D555002367E8 /* Formula_AppUITestsLaunchTests.swift */,
				99BFFB542A45A1DE001554BB /* Pflichtenheft Batch005.pdf */,
			);
			path = "Formula AppUITests";
			sourceTree = "<group>";
		};
		991B91A42A42DD85002367E8 /* ViewModel */ = {
			isa = PBXGroup;
			children = (
				991B91A52A42DDF5002367E8 /* FormulaViewModel.swift */,
				99C37E502A56D2BF00D91253 /* DataManager.swift */,
			);
			path = ViewModel;
			sourceTree = "<group>";
		};
		991B91A72A42DFFD002367E8 /* Model */ = {
			isa = PBXGroup;
			children = (
				9955B6082A612B5E00B489E6 /* ConstructorStandingsModel */,
				99A6C10E2A5FEEDE0061E6A9 /* DriverStandingModel */,
				99A6C1032A5FE4740061E6A9 /* DriverModel */,
				99B976622A4979BB00491F25 /* RaceQualiModel */,
				99B976612A49798400491F25 /* RaceResultsModel */,
				99B976602A49794500491F25 /* RaceModel */,
				9918523C2A5554D500C175F4 /* UserAcc */,
			);
			path = Model;
			sourceTree = "<group>";
		};
		9955B6082A612B5E00B489E6 /* ConstructorStandingsModel */ = {
			isa = PBXGroup;
			children = (
				9955B6092A612BEE00B489E6 /* ConstructorStandingResponse.swift */,
				9955B60B2A612C7D00B489E6 /* MRConstructorStandingData.swift */,
				9955B60D2A612CED00B489E6 /* StandingsConstructorTable.swift */,
				9955B60F2A612D7300B489E6 /* StandingsConstructorLists.swift */,
				9955B6112A612DE100B489E6 /* ConstructorStandings.swift */,
				9955B6132A612ECB00B489E6 /* ConstructorStandingList.swift */,
			);
			path = ConstructorStandingsModel;
			sourceTree = "<group>";
		};
		9955B6172A614CE200B489E6 /* RawViews */ = {
			isa = PBXGroup;
			children = (
				9955B6152A614CCE00B489E6 /* ConstructorStandingsRow.swift */,
				99A6C11E2A6009590061E6A9 /* DriverRaw.swift */,
				99A6C11C2A5FFBA50061E6A9 /* DriverStandingsRow.swift */,
				99AA468A2A5D51DE001E3854 /* QualiRow.swift */,
				99A8DCCE2A5BE1DE004E681F /* RaceRow.swift */,
				99B976632A49963A00491F25 /* SeasonRow.swift */,
			);
			path = RawViews;
			sourceTree = "<group>";
		};
		99A6C1032A5FE4740061E6A9 /* DriverModel */ = {
			isa = PBXGroup;
			children = (
				99A6C1042A5FE4B80061E6A9 /* DriverResponse.swift */,
				99A6C1062A5FE55D0061E6A9 /* MRDriverData.swift */,
				99A6C1082A5FE5E50061E6A9 /* DriverTable.swift */,
				99A6C10C2A5FE65D0061E6A9 /* Drivers.swift */,
			);
			path = DriverModel;
			sourceTree = "<group>";
		};
		99A6C10E2A5FEEDE0061E6A9 /* DriverStandingModel */ = {
			isa = PBXGroup;
			children = (
				99A6C10F2A5FEF760061E6A9 /* DriverStandingResponse.swift */,
				99A6C1112A5FEFEE0061E6A9 /* MRDriverStandingData.swift */,
				99A6C1142A5FF0A30061E6A9 /* StandingsTable.swift */,
				99A6C1162A5FF11A0061E6A9 /* StandingsList.swift */,
				99A6C1182A5FF17F0061E6A9 /* DriverStandings.swift */,
				99A6C11A2A5FF3AC0061E6A9 /* DriverInfo.swift */,
				99A6C1202A600D560061E6A9 /* ConstructorList.swift */,
			);
			path = DriverStandingModel;
			sourceTree = "<group>";
		};
		99A6C1242A60259B0061E6A9 /* Shapes */ = {
			isa = PBXGroup;
			children = (
				99A6C1222A601C560061E6A9 /* Parallelogramm.swift */,
				99A8475B2A7A66FC0096ACA1 /* AnimationsView.swift */,
			);
			path = Shapes;
			sourceTree = "<group>";
		};
		99A82B172A5403FF00395DAD /* Services */ = {
			isa = PBXGroup;
			children = (
				991852412A558D2000C175F4 /* FirebaseAuthService.swift */,
			);
			path = Services;
			sourceTree = "<group>";
		};
		99A82B1A2A542E9900395DAD /* Extension */ = {
			isa = PBXGroup;
			children = (
				99A82B1B2A542EC600395DAD /* String.swift */,
			);
			path = Extension;
			sourceTree = "<group>";
		};
		99AB7AA12A52C489001DBC27 /* Funktion */ = {
			isa = PBXGroup;
			children = (
				99AB7AA22A52C4A9001DBC27 /* Funktion.swift */,
				99AD5FFE2A5811350050648E /* AppStorageKeys.swift */,
			);
			path = Funktion;
			sourceTree = "<group>";
		};
		99B976602A49794500491F25 /* RaceModel */ = {
			isa = PBXGroup;
			children = (
				991B91B22A42ED29002367E8 /* RaceResponse.swift */,
				991B91A82A42E1E5002367E8 /* Races.swift */,
				991B91AA2A42E226002367E8 /* Circuit.swift */,
				991B91AC2A42E24C002367E8 /* Location.swift */,
				991B91B42A42ED87002367E8 /* MRData.swift */,
				991B91B62A42EDC7002367E8 /* RaceTable.swift */,
			);
			path = RaceModel;
			sourceTree = "<group>";
		};
		99B976612A49798400491F25 /* RaceResultsModel */ = {
			isa = PBXGroup;
			children = (
				99A9876C2A4AAFB5004B3650 /* RaceResultsResponse.swift */,
				99A9876E2A4AB014004B3650 /* MRResultsData.swift */,
				99A987702A4AB12B004B3650 /* RaceResultsTable.swift */,
				99A987732A4AB200004B3650 /* RaceResults.swift */,
				991B91AE2A42E269002367E8 /* Result.swift */,
				99A987752A4AB2A5004B3650 /* CircuitResults.swift */,
				99A987772A4AB2FA004B3650 /* LocationResults.swift */,
				991B91B02A42E2A1002367E8 /* Driver.swift */,
				991B91B82A42EF19002367E8 /* Constructor.swift */,
				991B91BA2A42EF38002367E8 /* Time.swift */,
				991B91BC2A42EF65002367E8 /* FastestLap.swift */,
				991B91BE2A42EF88002367E8 /* LapTime.swift */,
				991B91C02A42EFD4002367E8 /* AverageSpeed.swift */,
			);
			path = RaceResultsModel;
			sourceTree = "<group>";
		};
		99B976622A4979BB00491F25 /* RaceQualiModel */ = {
			isa = PBXGroup;
			children = (
				99A987892A4AC83C004B3650 /* RaceQualiResponse.swift */,
				99A9877B2A4ABDB1004B3650 /* MRQualiData.swift */,
				99A9877D2A4ABDF9004B3650 /* RaceQualiTable.swift */,
				99A9877F2A4ABF64004B3650 /* RaceQuali.swift */,
				99A987812A4AC005004B3650 /* QualiResults.swift */,
				99A987832A4AC59D004B3650 /* DriverQuali.swift */,
				99A987852A4AC658004B3650 /* ConstructorQuali.swift */,
			);
			path = RaceQualiModel;
			sourceTree = "<group>";
		};
		99B976652A4996CB00491F25 /* View */ = {
			isa = PBXGroup;
			children = (
				9955B6172A614CE200B489E6 /* RawViews */,
				99A6C1242A60259B0061E6A9 /* Shapes */,
				9918523F2A5560EB00C175F4 /* AccountView.swift */,
				99ABDE692A66935A0074F0A9 /* AccountInfoView.swift */,
				991B917B2A42D554002367E8 /* HomeView.swift */,
				99A723622A5EB41700CDE13C /* DriverView.swift */,
				99ACBD792A6E532300CF31C8 /* DriverDetails.swift */,
				99A723642A5EB43D00CDE13C /* ConstructorView.swift */,
				99AB7A9F2A52B5CC001DBC27 /* CircuitDetails.swift */,
				99A82B1F2A54432D00395DAD /* AuthView.swift */,
				99AD5FF92A57FC170050648E /* LoginView.swift */,
				99AD5FFC2A57FC7F0050648E /* SignUpView.swift */,
				99A723602A5E8AEE00CDE13C /* MainView.swift */,
				99B976662A49AC9E00491F25 /* ContentView.swift */,
				991B91792A42D554002367E8 /* Formula_AppApp.swift */,
				99C222E62A7100D900E036BB /* LoadingView.swift */,
			);
			path = View;
			sourceTree = "<group>";
		};
/* End PBXGroup section */

/* Begin PBXNativeTarget section */
		991B91752A42D554002367E8 /* Formula App */ = {
			isa = PBXNativeTarget;
			buildConfigurationList = 991B919A2A42D555002367E8 /* Build configuration list for PBXNativeTarget "Formula App" */;
			buildPhases = (
				991B91722A42D554002367E8 /* Sources */,
				991B91732A42D554002367E8 /* Frameworks */,
				991B91742A42D554002367E8 /* Resources */,
			);
			buildRules = (
			);
			dependencies = (
			);
			name = "Formula App";
			packageProductDependencies = (
				99A82B242A54506E00395DAD /* FirebaseAuth */,
				99A82B262A54506E00395DAD /* FirebaseFirestore */,
			);
			productName = "Formula App";
			productReference = 991B91762A42D554002367E8 /* Formula App.app */;
			productType = "com.apple.product-type.application";
		};
		991B91852A42D555002367E8 /* Formula AppTests */ = {
			isa = PBXNativeTarget;
			buildConfigurationList = 991B919D2A42D555002367E8 /* Build configuration list for PBXNativeTarget "Formula AppTests" */;
			buildPhases = (
				991B91822A42D555002367E8 /* Sources */,
				991B91832A42D555002367E8 /* Frameworks */,
				991B91842A42D555002367E8 /* Resources */,
			);
			buildRules = (
			);
			dependencies = (
				991B91882A42D555002367E8 /* PBXTargetDependency */,
			);
			name = "Formula AppTests";
			productName = "Formula AppTests";
			productReference = 991B91862A42D555002367E8 /* Formula AppTests.xctest */;
			productType = "com.apple.product-type.bundle.unit-test";
		};
		991B918F2A42D555002367E8 /* Formula AppUITests */ = {
			isa = PBXNativeTarget;
			buildConfigurationList = 991B91A02A42D555002367E8 /* Build configuration list for PBXNativeTarget "Formula AppUITests" */;
			buildPhases = (
				991B918C2A42D555002367E8 /* Sources */,
				991B918D2A42D555002367E8 /* Frameworks */,
				991B918E2A42D555002367E8 /* Resources */,
			);
			buildRules = (
			);
			dependencies = (
				991B91922A42D555002367E8 /* PBXTargetDependency */,
			);
			name = "Formula AppUITests";
			productName = "Formula AppUITests";
			productReference = 991B91902A42D555002367E8 /* Formula AppUITests.xctest */;
			productType = "com.apple.product-type.bundle.ui-testing";
		};
/* End PBXNativeTarget section */

/* Begin PBXProject section */
		991B916E2A42D554002367E8 /* Project object */ = {
			isa = PBXProject;
			attributes = {
				BuildIndependentTargetsInParallel = 1;
				LastSwiftUpdateCheck = 1430;
				LastUpgradeCheck = 1430;
				TargetAttributes = {
					991B91752A42D554002367E8 = {
						CreatedOnToolsVersion = 14.3;
					};
					991B91852A42D555002367E8 = {
						CreatedOnToolsVersion = 14.3;
						TestTargetID = 991B91752A42D554002367E8;
					};
					991B918F2A42D555002367E8 = {
						CreatedOnToolsVersion = 14.3;
						TestTargetID = 991B91752A42D554002367E8;
					};
				};
			};
			buildConfigurationList = 991B91712A42D554002367E8 /* Build configuration list for PBXProject "Formula App" */;
			compatibilityVersion = "Xcode 14.0";
			developmentRegion = en;
			hasScannedForEncodings = 0;
			knownRegions = (
				en,
				Base,
			);
			mainGroup = 991B916D2A42D554002367E8;
			packageReferences = (
				99A82B232A54506E00395DAD /* XCRemoteSwiftPackageReference "firebase-ios-sdk" */,
			);
			productRefGroup = 991B91772A42D554002367E8 /* Products */;
			projectDirPath = "";
			projectRoot = "";
			targets = (
				991B91752A42D554002367E8 /* Formula App */,
				991B91852A42D555002367E8 /* Formula AppTests */,
				991B918F2A42D555002367E8 /* Formula AppUITests */,
			);
		};
/* End PBXProject section */

/* Begin PBXResourcesBuildPhase section */
		991B91742A42D554002367E8 /* Resources */ = {
			isa = PBXResourcesBuildPhase;
			buildActionMask = 2147483647;
			files = (
				991B91812A42D555002367E8 /* Preview Assets.xcassets in Resources */,
				991B917E2A42D555002367E8 /* Assets.xcassets in Resources */,
				99A82B222A544F6F00395DAD /* GoogleService-Info.plist in Resources */,
			);
			runOnlyForDeploymentPostprocessing = 0;
		};
		991B91842A42D555002367E8 /* Resources */ = {
			isa = PBXResourcesBuildPhase;
			buildActionMask = 2147483647;
			files = (
			);
			runOnlyForDeploymentPostprocessing = 0;
		};
		991B918E2A42D555002367E8 /* Resources */ = {
			isa = PBXResourcesBuildPhase;
			buildActionMask = 2147483647;
			files = (
				99BFFB552A45A1DE001554BB /* Pflichtenheft Batch005.pdf in Resources */,
			);
			runOnlyForDeploymentPostprocessing = 0;
		};
/* End PBXResourcesBuildPhase section */

/* Begin PBXSourcesBuildPhase section */
		991B91722A42D554002367E8 /* Sources */ = {
			isa = PBXSourcesBuildPhase;
			buildActionMask = 2147483647;
			files = (
				99A8DCCF2A5BE1DE004E681F /* RaceRow.swift in Sources */,
				99A723652A5EB43D00CDE13C /* ConstructorView.swift in Sources */,
				991852422A558D2000C175F4 /* FirebaseAuthService.swift in Sources */,
				99A6C10D2A5FE65D0061E6A9 /* Drivers.swift in Sources */,
				99A987712A4AB12B004B3650 /* RaceResultsTable.swift in Sources */,
				99A987802A4ABF64004B3650 /* RaceQuali.swift in Sources */,
				991B91AB2A42E226002367E8 /* Circuit.swift in Sources */,
				99A987862A4AC658004B3650 /* ConstructorQuali.swift in Sources */,
				9955B60A2A612BEE00B489E6 /* ConstructorStandingResponse.swift in Sources */,
				9918523E2A55550300C175F4 /* UserAcc.swift in Sources */,
				99A82B202A54432D00395DAD /* AuthView.swift in Sources */,
				991B917C2A42D554002367E8 /* HomeView.swift in Sources */,
				991B91B92A42EF19002367E8 /* Constructor.swift in Sources */,
				991B91AF2A42E269002367E8 /* Result.swift in Sources */,
				99AD5FFD2A57FC7F0050648E /* SignUpView.swift in Sources */,
				99A6C1232A601C560061E6A9 /* Parallelogramm.swift in Sources */,
				99A6C11D2A5FFBA50061E6A9 /* DriverStandingsRow.swift in Sources */,
				99A6C11F2A6009590061E6A9 /* DriverRaw.swift in Sources */,
				99A987822A4AC005004B3650 /* QualiResults.swift in Sources */,
				99AB7AA02A52B5CC001DBC27 /* CircuitDetails.swift in Sources */,
				99A9877E2A4ABDF9004B3650 /* RaceQualiTable.swift in Sources */,
				991B91B12A42E2A1002367E8 /* Driver.swift in Sources */,
				99A6C1152A5FF0A30061E6A9 /* StandingsTable.swift in Sources */,
				99B976672A49AC9E00491F25 /* ContentView.swift in Sources */,
				991B91B52A42ED87002367E8 /* MRData.swift in Sources */,
				99AD5FFF2A5811350050648E /* AppStorageKeys.swift in Sources */,
				99ACBD7A2A6E532300CF31C8 /* DriverDetails.swift in Sources */,
				991B91BB2A42EF38002367E8 /* Time.swift in Sources */,
				991B91BF2A42EF88002367E8 /* LapTime.swift in Sources */,
				99A6C1212A600D560061E6A9 /* ConstructorList.swift in Sources */,
				99A6C11B2A5FF3AC0061E6A9 /* DriverInfo.swift in Sources */,
				99B976642A49963A00491F25 /* SeasonRow.swift in Sources */,
				991B91A92A42E1E5002367E8 /* Races.swift in Sources */,
				99AB7AA32A52C4A9001DBC27 /* Funktion.swift in Sources */,
				99A987782A4AB2FA004B3650 /* LocationResults.swift in Sources */,
				99A723612A5E8AEE00CDE13C /* MainView.swift in Sources */,
				991B91C12A42EFD4002367E8 /* AverageSpeed.swift in Sources */,
				991852402A5560EB00C175F4 /* AccountView.swift in Sources */,
				9955B60C2A612C7D00B489E6 /* MRConstructorStandingData.swift in Sources */,
				9955B6142A612ECB00B489E6 /* ConstructorStandingList.swift in Sources */,
				991B91BD2A42EF65002367E8 /* FastestLap.swift in Sources */,
				99A987842A4AC59D004B3650 /* DriverQuali.swift in Sources */,
				99A9877C2A4ABDB1004B3650 /* MRQualiData.swift in Sources */,
				99A6C1102A5FEF760061E6A9 /* DriverStandingResponse.swift in Sources */,
				991B91B32A42ED29002367E8 /* RaceResponse.swift in Sources */,
				991B917A2A42D554002367E8 /* Formula_AppApp.swift in Sources */,
				99A6C1072A5FE55D0061E6A9 /* MRDriverData.swift in Sources */,
				99C37E512A56D2BF00D91253 /* DataManager.swift in Sources */,
				99A6C1192A5FF17F0061E6A9 /* DriverStandings.swift in Sources */,
				99A6C1122A5FEFEE0061E6A9 /* MRDriverStandingData.swift in Sources */,
				99A987742A4AB200004B3650 /* RaceResults.swift in Sources */,
				991B91AD2A42E24C002367E8 /* Location.swift in Sources */,
				99A9878A2A4AC83C004B3650 /* RaceQualiResponse.swift in Sources */,
				99C222E72A7100D900E036BB /* LoadingView.swift in Sources */,
				9955B60E2A612CED00B489E6 /* StandingsConstructorTable.swift in Sources */,
				99ABDE6A2A66935A0074F0A9 /* AccountInfoView.swift in Sources */,
				991B91A62A42DDF5002367E8 /* FormulaViewModel.swift in Sources */,
				99AA468B2A5D51DE001E3854 /* QualiRow.swift in Sources */,
				9955B6122A612DE100B489E6 /* ConstructorStandings.swift in Sources */,
				99AD5FFA2A57FC170050648E /* LoginView.swift in Sources */,
				991B91B72A42EDC7002367E8 /* RaceTable.swift in Sources */,
				99A8475C2A7A66FC0096ACA1 /* AnimationsView.swift in Sources */,
				99A6C1052A5FE4B80061E6A9 /* DriverResponse.swift in Sources */,
				99A6C1092A5FE5E50061E6A9 /* DriverTable.swift in Sources */,
				99A6C1172A5FF11A0061E6A9 /* StandingsList.swift in Sources */,
				9955B6162A614CCE00B489E6 /* ConstructorStandingsRow.swift in Sources */,
				99A9876F2A4AB014004B3650 /* MRResultsData.swift in Sources */,
				99A723632A5EB41700CDE13C /* DriverView.swift in Sources */,
				99A82B1C2A542EC600395DAD /* String.swift in Sources */,
				99A987762A4AB2A5004B3650 /* CircuitResults.swift in Sources */,
				9955B6102A612D7300B489E6 /* StandingsConstructorLists.swift in Sources */,
				99A9876D2A4AAFB5004B3650 /* RaceResultsResponse.swift in Sources */,
			);
			runOnlyForDeploymentPostprocessing = 0;
		};
		991B91822A42D555002367E8 /* Sources */ = {
			isa = PBXSourcesBuildPhase;
			buildActionMask = 2147483647;
			files = (
				991B918B2A42D555002367E8 /* Formula_AppTests.swift in Sources */,
			);
			runOnlyForDeploymentPostprocessing = 0;
		};
		991B918C2A42D555002367E8 /* Sources */ = {
			isa = PBXSourcesBuildPhase;
			buildActionMask = 2147483647;
			files = (
				991B91952A42D555002367E8 /* Formula_AppUITests.swift in Sources */,
				991B91972A42D555002367E8 /* Formula_AppUITestsLaunchTests.swift in Sources */,
			);
			runOnlyForDeploymentPostprocessing = 0;
		};
/* End PBXSourcesBuildPhase section */

/* Begin PBXTargetDependency section */
		991B91882A42D555002367E8 /* PBXTargetDependency */ = {
			isa = PBXTargetDependency;
			target = 991B91752A42D554002367E8 /* Formula App */;
			targetProxy = 991B91872A42D555002367E8 /* PBXContainerItemProxy */;
		};
		991B91922A42D555002367E8 /* PBXTargetDependency */ = {
			isa = PBXTargetDependency;
			target = 991B91752A42D554002367E8 /* Formula App */;
			targetProxy = 991B91912A42D555002367E8 /* PBXContainerItemProxy */;
		};
/* End PBXTargetDependency section */

/* Begin XCBuildConfiguration section */
		991B91982A42D555002367E8 /* Debug */ = {
			isa = XCBuildConfiguration;
			buildSettings = {
				ALWAYS_SEARCH_USER_PATHS = NO;
				CLANG_ANALYZER_NONNULL = YES;
				CLANG_ANALYZER_NUMBER_OBJECT_CONVERSION = YES_AGGRESSIVE;
				CLANG_CXX_LANGUAGE_STANDARD = "gnu++20";
				CLANG_ENABLE_MODULES = YES;
				CLANG_ENABLE_OBJC_ARC = YES;
				CLANG_ENABLE_OBJC_WEAK = YES;
				CLANG_WARN_BLOCK_CAPTURE_AUTORELEASING = YES;
				CLANG_WARN_BOOL_CONVERSION = YES;
				CLANG_WARN_COMMA = YES;
				CLANG_WARN_CONSTANT_CONVERSION = YES;
				CLANG_WARN_DEPRECATED_OBJC_IMPLEMENTATIONS = YES;
				CLANG_WARN_DIRECT_OBJC_ISA_USAGE = YES_ERROR;
				CLANG_WARN_DOCUMENTATION_COMMENTS = YES;
				CLANG_WARN_EMPTY_BODY = YES;
				CLANG_WARN_ENUM_CONVERSION = YES;
				CLANG_WARN_INFINITE_RECURSION = YES;
				CLANG_WARN_INT_CONVERSION = YES;
				CLANG_WARN_NON_LITERAL_NULL_CONVERSION = YES;
				CLANG_WARN_OBJC_IMPLICIT_RETAIN_SELF = YES;
				CLANG_WARN_OBJC_LITERAL_CONVERSION = YES;
				CLANG_WARN_OBJC_ROOT_CLASS = YES_ERROR;
				CLANG_WARN_QUOTED_INCLUDE_IN_FRAMEWORK_HEADER = YES;
				CLANG_WARN_RANGE_LOOP_ANALYSIS = YES;
				CLANG_WARN_STRICT_PROTOTYPES = YES;
				CLANG_WARN_SUSPICIOUS_MOVE = YES;
				CLANG_WARN_UNGUARDED_AVAILABILITY = YES_AGGRESSIVE;
				CLANG_WARN_UNREACHABLE_CODE = YES;
				CLANG_WARN__DUPLICATE_METHOD_MATCH = YES;
				COPY_PHASE_STRIP = NO;
				DEBUG_INFORMATION_FORMAT = dwarf;
				ENABLE_STRICT_OBJC_MSGSEND = YES;
				ENABLE_TESTABILITY = YES;
				GCC_C_LANGUAGE_STANDARD = gnu11;
				GCC_DYNAMIC_NO_PIC = NO;
				GCC_NO_COMMON_BLOCKS = YES;
				GCC_OPTIMIZATION_LEVEL = 0;
				GCC_PREPROCESSOR_DEFINITIONS = (
					"DEBUG=1",
					"$(inherited)",
				);
				GCC_WARN_64_TO_32_BIT_CONVERSION = YES;
				GCC_WARN_ABOUT_RETURN_TYPE = YES_ERROR;
				GCC_WARN_UNDECLARED_SELECTOR = YES;
				GCC_WARN_UNINITIALIZED_AUTOS = YES_AGGRESSIVE;
				GCC_WARN_UNUSED_FUNCTION = YES;
				GCC_WARN_UNUSED_VARIABLE = YES;
				IPHONEOS_DEPLOYMENT_TARGET = 16.4;
				MTL_ENABLE_DEBUG_INFO = INCLUDE_SOURCE;
				MTL_FAST_MATH = YES;
				ONLY_ACTIVE_ARCH = YES;
				SDKROOT = iphoneos;
				SWIFT_ACTIVE_COMPILATION_CONDITIONS = DEBUG;
				SWIFT_OPTIMIZATION_LEVEL = "-Onone";
			};
			name = Debug;
		};
		991B91992A42D555002367E8 /* Release */ = {
			isa = XCBuildConfiguration;
			buildSettings = {
				ALWAYS_SEARCH_USER_PATHS = NO;
				CLANG_ANALYZER_NONNULL = YES;
				CLANG_ANALYZER_NUMBER_OBJECT_CONVERSION = YES_AGGRESSIVE;
				CLANG_CXX_LANGUAGE_STANDARD = "gnu++20";
				CLANG_ENABLE_MODULES = YES;
				CLANG_ENABLE_OBJC_ARC = YES;
				CLANG_ENABLE_OBJC_WEAK = YES;
				CLANG_WARN_BLOCK_CAPTURE_AUTORELEASING = YES;
				CLANG_WARN_BOOL_CONVERSION = YES;
				CLANG_WARN_COMMA = YES;
				CLANG_WARN_CONSTANT_CONVERSION = YES;
				CLANG_WARN_DEPRECATED_OBJC_IMPLEMENTATIONS = YES;
				CLANG_WARN_DIRECT_OBJC_ISA_USAGE = YES_ERROR;
				CLANG_WARN_DOCUMENTATION_COMMENTS = YES;
				CLANG_WARN_EMPTY_BODY = YES;
				CLANG_WARN_ENUM_CONVERSION = YES;
				CLANG_WARN_INFINITE_RECURSION = YES;
				CLANG_WARN_INT_CONVERSION = YES;
				CLANG_WARN_NON_LITERAL_NULL_CONVERSION = YES;
				CLANG_WARN_OBJC_IMPLICIT_RETAIN_SELF = YES;
				CLANG_WARN_OBJC_LITERAL_CONVERSION = YES;
				CLANG_WARN_OBJC_ROOT_CLASS = YES_ERROR;
				CLANG_WARN_QUOTED_INCLUDE_IN_FRAMEWORK_HEADER = YES;
				CLANG_WARN_RANGE_LOOP_ANALYSIS = YES;
				CLANG_WARN_STRICT_PROTOTYPES = YES;
				CLANG_WARN_SUSPICIOUS_MOVE = YES;
				CLANG_WARN_UNGUARDED_AVAILABILITY = YES_AGGRESSIVE;
				CLANG_WARN_UNREACHABLE_CODE = YES;
				CLANG_WARN__DUPLICATE_METHOD_MATCH = YES;
				COPY_PHASE_STRIP = NO;
				DEBUG_INFORMATION_FORMAT = "dwarf-with-dsym";
				ENABLE_NS_ASSERTIONS = NO;
				ENABLE_STRICT_OBJC_MSGSEND = YES;
				GCC_C_LANGUAGE_STANDARD = gnu11;
				GCC_NO_COMMON_BLOCKS = YES;
				GCC_WARN_64_TO_32_BIT_CONVERSION = YES;
				GCC_WARN_ABOUT_RETURN_TYPE = YES_ERROR;
				GCC_WARN_UNDECLARED_SELECTOR = YES;
				GCC_WARN_UNINITIALIZED_AUTOS = YES_AGGRESSIVE;
				GCC_WARN_UNUSED_FUNCTION = YES;
				GCC_WARN_UNUSED_VARIABLE = YES;
				IPHONEOS_DEPLOYMENT_TARGET = 16.4;
				MTL_ENABLE_DEBUG_INFO = NO;
				MTL_FAST_MATH = YES;
				SDKROOT = iphoneos;
				SWIFT_COMPILATION_MODE = wholemodule;
				SWIFT_OPTIMIZATION_LEVEL = "-O";
				VALIDATE_PRODUCT = YES;
			};
			name = Release;
		};
		991B919B2A42D555002367E8 /* Debug */ = {
			isa = XCBuildConfiguration;
			buildSettings = {
				ASSETCATALOG_COMPILER_APPICON_NAME = AppIcon;
				ASSETCATALOG_COMPILER_GLOBAL_ACCENT_COLOR_NAME = AccentColor;
				CODE_SIGN_STYLE = Automatic;
				CURRENT_PROJECT_VERSION = 1;
				DEVELOPMENT_ASSET_PATHS = "\"Formula App/Preview Content\"";
				ENABLE_PREVIEWS = YES;
				GENERATE_INFOPLIST_FILE = YES;
				INFOPLIST_KEY_UIApplicationSceneManifest_Generation = YES;
				INFOPLIST_KEY_UIApplicationSupportsIndirectInputEvents = YES;
				INFOPLIST_KEY_UILaunchScreen_Generation = YES;
				INFOPLIST_KEY_UISupportedInterfaceOrientations_iPad = "UIInterfaceOrientationPortrait UIInterfaceOrientationPortraitUpsideDown UIInterfaceOrientationLandscapeLeft UIInterfaceOrientationLandscapeRight";
				INFOPLIST_KEY_UISupportedInterfaceOrientations_iPhone = "UIInterfaceOrientationPortrait UIInterfaceOrientationLandscapeLeft UIInterfaceOrientationLandscapeRight";
				LD_RUNPATH_SEARCH_PATHS = (
					"$(inherited)",
					"@executable_path/Frameworks",
				);
				MARKETING_VERSION = 1.0;
				PRODUCT_BUNDLE_IDENTIFIER = "Formula-App";
				PRODUCT_NAME = "$(TARGET_NAME)";
				SWIFT_EMIT_LOC_STRINGS = YES;
				SWIFT_VERSION = 5.0;
				TARGETED_DEVICE_FAMILY = "1,2";
			};
			name = Debug;
		};
		991B919C2A42D555002367E8 /* Release */ = {
			isa = XCBuildConfiguration;
			buildSettings = {
				ASSETCATALOG_COMPILER_APPICON_NAME = AppIcon;
				ASSETCATALOG_COMPILER_GLOBAL_ACCENT_COLOR_NAME = AccentColor;
				CODE_SIGN_STYLE = Automatic;
				CURRENT_PROJECT_VERSION = 1;
				DEVELOPMENT_ASSET_PATHS = "\"Formula App/Preview Content\"";
				ENABLE_PREVIEWS = YES;
				GENERATE_INFOPLIST_FILE = YES;
				INFOPLIST_KEY_UIApplicationSceneManifest_Generation = YES;
				INFOPLIST_KEY_UIApplicationSupportsIndirectInputEvents = YES;
				INFOPLIST_KEY_UILaunchScreen_Generation = YES;
				INFOPLIST_KEY_UISupportedInterfaceOrientations_iPad = "UIInterfaceOrientationPortrait UIInterfaceOrientationPortraitUpsideDown UIInterfaceOrientationLandscapeLeft UIInterfaceOrientationLandscapeRight";
				INFOPLIST_KEY_UISupportedInterfaceOrientations_iPhone = "UIInterfaceOrientationPortrait UIInterfaceOrientationLandscapeLeft UIInterfaceOrientationLandscapeRight";
				LD_RUNPATH_SEARCH_PATHS = (
					"$(inherited)",
					"@executable_path/Frameworks",
				);
				MARKETING_VERSION = 1.0;
				PRODUCT_BUNDLE_IDENTIFIER = "Formula-App";
				PRODUCT_NAME = "$(TARGET_NAME)";
				SWIFT_EMIT_LOC_STRINGS = YES;
				SWIFT_VERSION = 5.0;
				TARGETED_DEVICE_FAMILY = "1,2";
			};
			name = Release;
		};
		991B919E2A42D555002367E8 /* Debug */ = {
			isa = XCBuildConfiguration;
			buildSettings = {
				ALWAYS_EMBED_SWIFT_STANDARD_LIBRARIES = YES;
				BUNDLE_LOADER = "$(TEST_HOST)";
				CODE_SIGN_STYLE = Automatic;
				CURRENT_PROJECT_VERSION = 1;
				GENERATE_INFOPLIST_FILE = YES;
				IPHONEOS_DEPLOYMENT_TARGET = 16.4;
				MARKETING_VERSION = 1.0;
				PRODUCT_BUNDLE_IDENTIFIER = "aufgabe-swift-08.05.Formula-AppTests";
				PRODUCT_NAME = "$(TARGET_NAME)";
				SWIFT_EMIT_LOC_STRINGS = NO;
				SWIFT_VERSION = 5.0;
				TARGETED_DEVICE_FAMILY = "1,2";
				TEST_HOST = "$(BUILT_PRODUCTS_DIR)/Formula App.app/$(BUNDLE_EXECUTABLE_FOLDER_PATH)/Formula App";
			};
			name = Debug;
		};
		991B919F2A42D555002367E8 /* Release */ = {
			isa = XCBuildConfiguration;
			buildSettings = {
				ALWAYS_EMBED_SWIFT_STANDARD_LIBRARIES = YES;
				BUNDLE_LOADER = "$(TEST_HOST)";
				CODE_SIGN_STYLE = Automatic;
				CURRENT_PROJECT_VERSION = 1;
				GENERATE_INFOPLIST_FILE = YES;
				IPHONEOS_DEPLOYMENT_TARGET = 16.4;
				MARKETING_VERSION = 1.0;
				PRODUCT_BUNDLE_IDENTIFIER = "aufgabe-swift-08.05.Formula-AppTests";
				PRODUCT_NAME = "$(TARGET_NAME)";
				SWIFT_EMIT_LOC_STRINGS = NO;
				SWIFT_VERSION = 5.0;
				TARGETED_DEVICE_FAMILY = "1,2";
				TEST_HOST = "$(BUILT_PRODUCTS_DIR)/Formula App.app/$(BUNDLE_EXECUTABLE_FOLDER_PATH)/Formula App";
			};
			name = Release;
		};
		991B91A12A42D555002367E8 /* Debug */ = {
			isa = XCBuildConfiguration;
			buildSettings = {
				ALWAYS_EMBED_SWIFT_STANDARD_LIBRARIES = YES;
				CODE_SIGN_STYLE = Automatic;
				CURRENT_PROJECT_VERSION = 1;
				GENERATE_INFOPLIST_FILE = YES;
				MARKETING_VERSION = 1.0;
				PRODUCT_BUNDLE_IDENTIFIER = "aufgabe-swift-08.05.Formula-AppUITests";
				PRODUCT_NAME = "$(TARGET_NAME)";
				SWIFT_EMIT_LOC_STRINGS = NO;
				SWIFT_VERSION = 5.0;
				TARGETED_DEVICE_FAMILY = "1,2";
				TEST_TARGET_NAME = "Formula App";
			};
			name = Debug;
		};
		991B91A22A42D555002367E8 /* Release */ = {
			isa = XCBuildConfiguration;
			buildSettings = {
				ALWAYS_EMBED_SWIFT_STANDARD_LIBRARIES = YES;
				CODE_SIGN_STYLE = Automatic;
				CURRENT_PROJECT_VERSION = 1;
				GENERATE_INFOPLIST_FILE = YES;
				MARKETING_VERSION = 1.0;
				PRODUCT_BUNDLE_IDENTIFIER = "aufgabe-swift-08.05.Formula-AppUITests";
				PRODUCT_NAME = "$(TARGET_NAME)";
				SWIFT_EMIT_LOC_STRINGS = NO;
				SWIFT_VERSION = 5.0;
				TARGETED_DEVICE_FAMILY = "1,2";
				TEST_TARGET_NAME = "Formula App";
			};
			name = Release;
		};
/* End XCBuildConfiguration section */

/* Begin XCConfigurationList section */
		991B91712A42D554002367E8 /* Build configuration list for PBXProject "Formula App" */ = {
			isa = XCConfigurationList;
			buildConfigurations = (
				991B91982A42D555002367E8 /* Debug */,
				991B91992A42D555002367E8 /* Release */,
			);
			defaultConfigurationIsVisible = 0;
			defaultConfigurationName = Release;
		};
		991B919A2A42D555002367E8 /* Build configuration list for PBXNativeTarget "Formula App" */ = {
			isa = XCConfigurationList;
			buildConfigurations = (
				991B919B2A42D555002367E8 /* Debug */,
				991B919C2A42D555002367E8 /* Release */,
			);
			defaultConfigurationIsVisible = 0;
			defaultConfigurationName = Release;
		};
		991B919D2A42D555002367E8 /* Build configuration list for PBXNativeTarget "Formula AppTests" */ = {
			isa = XCConfigurationList;
			buildConfigurations = (
				991B919E2A42D555002367E8 /* Debug */,
				991B919F2A42D555002367E8 /* Release */,
			);
			defaultConfigurationIsVisible = 0;
			defaultConfigurationName = Release;
		};
		991B91A02A42D555002367E8 /* Build configuration list for PBXNativeTarget "Formula AppUITests" */ = {
			isa = XCConfigurationList;
			buildConfigurations = (
				991B91A12A42D555002367E8 /* Debug */,
				991B91A22A42D555002367E8 /* Release */,
			);
			defaultConfigurationIsVisible = 0;
			defaultConfigurationName = Release;
		};
/* End XCConfigurationList section */

/* Begin XCRemoteSwiftPackageReference section */
		99A82B232A54506E00395DAD /* XCRemoteSwiftPackageReference "firebase-ios-sdk" */ = {
			isa = XCRemoteSwiftPackageReference;
			repositoryURL = "https://github.com/firebase/firebase-ios-sdk";
			requirement = {
				kind = upToNextMajorVersion;
				minimumVersion = 10.0.0;
			};
		};
/* End XCRemoteSwiftPackageReference section */

/* Begin XCSwiftPackageProductDependency section */
		99A82B242A54506E00395DAD /* FirebaseAuth */ = {
			isa = XCSwiftPackageProductDependency;
			package = 99A82B232A54506E00395DAD /* XCRemoteSwiftPackageReference "firebase-ios-sdk" */;
			productName = FirebaseAuth;
		};
		99A82B262A54506E00395DAD /* FirebaseFirestore */ = {
			isa = XCSwiftPackageProductDependency;
			package = 99A82B232A54506E00395DAD /* XCRemoteSwiftPackageReference "firebase-ios-sdk" */;
			productName = FirebaseFirestore;
		};
/* End XCSwiftPackageProductDependency section */
	};
	rootObject = 991B916E2A42D554002367E8 /* Project object */;
}
